---
platform-linux:
  :branch: master
  :commit: 3ec783b14e5e00a02c6b2451b70c655081171ad5
variants:
  :branch: master
  :commit: b17ae8534d581883f21e21008fb3b88232c971ee
unit-test:
  :branch: master
  :commit: a8f7971c4431501231f5eb7a390dcb9514437415
euclid:
  :branch: master
  :commit: f088d188f4441fff3bf206cdb4261f1b264d16f7
