// !$*UTF8*$!
{
	archiveVersion = 1;
	classes = {
	};
	objectVersion = 46;
	objects = {

/* Begin PBXBuildFile section */
		7E062CBF150073F800A6505E /* Reader.cpp in Sources */ = {isa = PBXBuildFile; fileRef = 7E062CBD150073F800A6505E /* Reader.cpp */; };
		7E062CC0150073F800A6505E /* Reader.h in Headers */ = {isa = PBXBuildFile; fileRef = 7E062CBE150073F800A6505E /* Reader.h */; };
		7E062CC41500794200A6505E /* Writer.cpp in Sources */ = {isa = PBXBuildFile; fileRef = 7E062CC21500794200A6505E /* Writer.cpp */; };
		7E062CC51500794200A6505E /* Writer.h in Headers */ = {isa = PBXBuildFile; fileRef = 7E062CC31500794200A6505E /* Writer.h */; };
		7E062CC91500797000A6505E /* Buffer.h in Headers */ = {isa = PBXBuildFile; fileRef = 7E062CC71500797000A6505E /* Buffer.h */; };
		7E062CD21500806700A6505E /* tf-convert.cpp in Sources */ = {isa = PBXBuildFile; fileRef = 7E062CD11500806700A6505E /* tf-convert.cpp */; };
		7E062CDB1500CAAF00A6505E /* Block.cpp in Sources */ = {isa = PBXBuildFile; fileRef = 7E062CDA1500CAAF00A6505E /* Block.cpp */; };
		7E062CF41504B24C00A6505E /* Parser.cpp in Sources */ = {isa = PBXBuildFile; fileRef = 7E062CF21504B24C00A6505E /* Parser.cpp */; };
		7E062CF51504B24C00A6505E /* Parser.h in Headers */ = {isa = PBXBuildFile; fileRef = 7E062CF31504B24C00A6505E /* Parser.h */; };
		7E062D0E1504E30900A6505E /* MemoryBuffer.cpp in Sources */ = {isa = PBXBuildFile; fileRef = 7E062D0C1504E30900A6505E /* MemoryBuffer.cpp */; };
		7E062D0F1504E30900A6505E /* MemoryBuffer.h in Headers */ = {isa = PBXBuildFile; fileRef = 7E062D0D1504E30900A6505E /* MemoryBuffer.h */; };
		7ED3FD2B163E8FCB005A61B0 /* Table.cpp in Sources */ = {isa = PBXBuildFile; fileRef = 7ED3FD29163E8FCB005A61B0 /* Table.cpp */; };
		7ED3FD2C163E8FCB005A61B0 /* Table.h in Headers */ = {isa = PBXBuildFile; fileRef = 7ED3FD2A163E8FCB005A61B0 /* Table.h */; };
		7ED3FD2F163E905B005A61B0 /* Axes.cpp in Sources */ = {isa = PBXBuildFile; fileRef = 7ED3FD2D163E905B005A61B0 /* Axes.cpp */; };
		7ED3FD30163E905B005A61B0 /* Axes.h in Headers */ = {isa = PBXBuildFile; fileRef = 7ED3FD2E163E905B005A61B0 /* Axes.h */; };
		7ED3FD33163E90C9005A61B0 /* Mesh.cpp in Sources */ = {isa = PBXBuildFile; fileRef = 7ED3FD31163E90C9005A61B0 /* Mesh.cpp */; };
		7ED3FD34163E90C9005A61B0 /* Mesh.h in Headers */ = {isa = PBXBuildFile; fileRef = 7ED3FD32163E90C9005A61B0 /* Mesh.h */; };
		7ED3FD37163E91B0005A61B0 /* External.cpp in Sources */ = {isa = PBXBuildFile; fileRef = 7ED3FD35163E91B0005A61B0 /* External.cpp */; };
		7ED3FD38163E91B0005A61B0 /* External.h in Headers */ = {isa = PBXBuildFile; fileRef = 7ED3FD36163E91B0005A61B0 /* External.h */; };
		7ED3FD3D163E9C83005A61B0 /* Block.cpp in Sources */ = {isa = PBXBuildFile; fileRef = 7E062CDA1500CAAF00A6505E /* Block.cpp */; };
		7ED3FD3E163E9C83005A61B0 /* External.cpp in Sources */ = {isa = PBXBuildFile; fileRef = 7ED3FD35163E91B0005A61B0 /* External.cpp */; };
		7ED3FD3F163E9C83005A61B0 /* Table.cpp in Sources */ = {isa = PBXBuildFile; fileRef = 7ED3FD29163E8FCB005A61B0 /* Table.cpp */; };
		7ED3FD40163E9C83005A61B0 /* Axes.cpp in Sources */ = {isa = PBXBuildFile; fileRef = 7ED3FD2D163E905B005A61B0 /* Axes.cpp */; };
		7ED3FD41163E9C83005A61B0 /* Mesh.cpp in Sources */ = {isa = PBXBuildFile; fileRef = 7ED3FD31163E90C9005A61B0 /* Mesh.cpp */; };
		7ED3FD42163E9C83005A61B0 /* Reader.cpp in Sources */ = {isa = PBXBuildFile; fileRef = 7E062CBD150073F800A6505E /* Reader.cpp */; };
		7ED3FD43163E9C83005A61B0 /* Writer.cpp in Sources */ = {isa = PBXBuildFile; fileRef = 7E062CC21500794200A6505E /* Writer.cpp */; };
		7ED3FD44163E9C83005A61B0 /* MemoryBuffer.cpp in Sources */ = {isa = PBXBuildFile; fileRef = 7E062D0C1504E30900A6505E /* MemoryBuffer.cpp */; };
		7ED3FD45163E9C83005A61B0 /* Parser.cpp in Sources */ = {isa = PBXBuildFile; fileRef = 7E062CF21504B24C00A6505E /* Parser.cpp */; };
		7ED3FD4F163E9EB3005A61B0 /* Alignment.h in Headers */ = {isa = PBXBuildFile; fileRef = 7ED3FD4E163E9EB3005A61B0 /* Alignment.h */; };
/* End PBXBuildFile section */

/* Begin PBXFileReference section */
		7E062CB7150073C800A6505E /* libTaggedFormat.dylib */ = {isa = PBXFileReference; explicitFileType = "compiled.mach-o.dylib"; includeInIndex = 0; path = libTaggedFormat.dylib; sourceTree = BUILT_PRODUCTS_DIR; };
		7E062CBD150073F800A6505E /* Reader.cpp */ = {isa = PBXFileReference; fileEncoding = 4; lastKnownFileType = sourcecode.cpp.cpp; path = Reader.cpp; sourceTree = "<group>"; };
		7E062CBE150073F800A6505E /* Reader.h */ = {isa = PBXFileReference; fileEncoding = 4; lastKnownFileType = sourcecode.c.h; path = Reader.h; sourceTree = "<group>"; };
		7E062CC11500786C00A6505E /* Block.h */ = {isa = PBXFileReference; lastKnownFileType = sourcecode.c.h; path = Block.h; sourceTree = "<group>"; };
		7E062CC21500794200A6505E /* Writer.cpp */ = {isa = PBXFileReference; fileEncoding = 4; lastKnownFileType = sourcecode.cpp.cpp; path = Writer.cpp; sourceTree = "<group>"; };
		7E062CC31500794200A6505E /* Writer.h */ = {isa = PBXFileReference; fileEncoding = 4; lastKnownFileType = sourcecode.c.h; path = Writer.h; sourceTree = "<group>"; };
		7E062CC71500797000A6505E /* Buffer.h */ = {isa = PBXFileReference; fileEncoding = 4; lastKnownFileType = sourcecode.c.h; path = Buffer.h; sourceTree = "<group>"; };
		7E062CCE1500806700A6505E /* tmf-tool */ = {isa = PBXFileReference; explicitFileType = "compiled.mach-o.executable"; includeInIndex = 0; name = "tmf-tool"; path = "tf-convert"; sourceTree = BUILT_PRODUCTS_DIR; };
		7E062CD11500806700A6505E /* tf-convert.cpp */ = {isa = PBXFileReference; lastKnownFileType = sourcecode.cpp.cpp; path = "tf-convert.cpp"; sourceTree = "<group>"; };
		7E062CDA1500CAAF00A6505E /* Block.cpp */ = {isa = PBXFileReference; fileEncoding = 4; lastKnownFileType = sourcecode.cpp.cpp; path = Block.cpp; sourceTree = "<group>"; };
		7E062CF21504B24C00A6505E /* Parser.cpp */ = {isa = PBXFileReference; fileEncoding = 4; lastKnownFileType = sourcecode.cpp.cpp; path = Parser.cpp; sourceTree = "<group>"; };
		7E062CF31504B24C00A6505E /* Parser.h */ = {isa = PBXFileReference; fileEncoding = 4; lastKnownFileType = sourcecode.c.h; path = Parser.h; sourceTree = "<group>"; };
		7E062D0C1504E30900A6505E /* MemoryBuffer.cpp */ = {isa = PBXFileReference; fileEncoding = 4; lastKnownFileType = sourcecode.cpp.cpp; path = MemoryBuffer.cpp; sourceTree = "<group>"; };
		7E062D0D1504E30900A6505E /* MemoryBuffer.h */ = {isa = PBXFileReference; fileEncoding = 4; lastKnownFileType = sourcecode.c.h; path = MemoryBuffer.h; sourceTree = "<group>"; };
		7ED3FD29163E8FCB005A61B0 /* Table.cpp */ = {isa = PBXFileReference; fileEncoding = 4; lastKnownFileType = sourcecode.cpp.cpp; path = Table.cpp; sourceTree = "<group>"; };
		7ED3FD2A163E8FCB005A61B0 /* Table.h */ = {isa = PBXFileReference; fileEncoding = 4; lastKnownFileType = sourcecode.c.h; path = Table.h; sourceTree = "<group>"; };
		7ED3FD2D163E905B005A61B0 /* Axes.cpp */ = {isa = PBXFileReference; fileEncoding = 4; lastKnownFileType = sourcecode.cpp.cpp; path = Axes.cpp; sourceTree = "<group>"; };
		7ED3FD2E163E905B005A61B0 /* Axes.h */ = {isa = PBXFileReference; fileEncoding = 4; lastKnownFileType = sourcecode.c.h; path = Axes.h; sourceTree = "<group>"; };
		7ED3FD31163E90C9005A61B0 /* Mesh.cpp */ = {isa = PBXFileReference; fileEncoding = 4; lastKnownFileType = sourcecode.cpp.cpp; path = Mesh.cpp; sourceTree = "<group>"; };
		7ED3FD32163E90C9005A61B0 /* Mesh.h */ = {isa = PBXFileReference; fileEncoding = 4; lastKnownFileType = sourcecode.c.h; path = Mesh.h; sourceTree = "<group>"; };
		7ED3FD35163E91B0005A61B0 /* External.cpp */ = {isa = PBXFileReference; fileEncoding = 4; lastKnownFileType = sourcecode.cpp.cpp; path = External.cpp; sourceTree = "<group>"; };
		7ED3FD36163E91B0005A61B0 /* External.h */ = {isa = PBXFileReference; fileEncoding = 4; lastKnownFileType = sourcecode.c.h; path = External.h; sourceTree = "<group>"; };
		7ED3FD4E163E9EB3005A61B0 /* Alignment.h */ = {isa = PBXFileReference; fileEncoding = 4; lastKnownFileType = sourcecode.c.h; path = Alignment.h; sourceTree = "<group>"; };
/* End PBXFileReference section */

/* Begin PBXFrameworksBuildPhase section */
		7E062CB4150073C800A6505E /* Frameworks */ = {
			isa = PBXFrameworksBuildPhase;
			buildActionMask = 2147483647;
			files = (
			);
			runOnlyForDeploymentPostprocessing = 0;
		};
		7E062CCB1500806700A6505E /* Frameworks */ = {
			isa = PBXFrameworksBuildPhase;
			buildActionMask = 2147483647;
			files = (
			);
			runOnlyForDeploymentPostprocessing = 0;
		};
/* End PBXFrameworksBuildPhase section */

/* Begin PBXGroup section */
		7E062CBC150073DB00A6505E /* Tagged Format */ = {
			isa = PBXGroup;
			children = (
				7ED3FD4E163E9EB3005A61B0 /* Alignment.h */,
				7E062CC11500786C00A6505E /* Block.h */,
				7E062CDA1500CAAF00A6505E /* Block.cpp */,
				7ED3FD36163E91B0005A61B0 /* External.h */,
				7ED3FD35163E91B0005A61B0 /* External.cpp */,
				7ED3FD2A163E8FCB005A61B0 /* Table.h */,
				7ED3FD29163E8FCB005A61B0 /* Table.cpp */,
				7ED3FD2E163E905B005A61B0 /* Axes.h */,
				7ED3FD2D163E905B005A61B0 /* Axes.cpp */,
				7ED3FD32163E90C9005A61B0 /* Mesh.h */,
				7ED3FD31163E90C9005A61B0 /* Mesh.cpp */,
				7E062CBE150073F800A6505E /* Reader.h */,
				7E062CBD150073F800A6505E /* Reader.cpp */,
				7E062CC31500794200A6505E /* Writer.h */,
				7E062CC21500794200A6505E /* Writer.cpp */,
				7E062CC71500797000A6505E /* Buffer.h */,
				7E062D0D1504E30900A6505E /* MemoryBuffer.h */,
				7E062D0C1504E30900A6505E /* MemoryBuffer.cpp */,
				7E062CF31504B24C00A6505E /* Parser.h */,
				7E062CF21504B24C00A6505E /* Parser.cpp */,
			);
			name = "Tagged Format";
			path = source;
			sourceTree = "<group>";
		};
		7E062CD01500806700A6505E /* TF Tools */ = {
			isa = PBXGroup;
			children = (
				7E062CD11500806700A6505E /* tf-convert.cpp */,
			);
			name = "TF Tools";
			path = source;
			sourceTree = "<group>";
		};
		7E98161E1500735800F4C17E = {
			isa = PBXGroup;
			children = (
				7E062CBC150073DB00A6505E /* Tagged Format */,
				7E062CD01500806700A6505E /* TF Tools */,
				7E98162A1500735800F4C17E /* Products */,
			);
			sourceTree = "<group>";
		};
		7E98162A1500735800F4C17E /* Products */ = {
			isa = PBXGroup;
			children = (
				7E062CB7150073C800A6505E /* libTaggedFormat.dylib */,
				7E062CCE1500806700A6505E /* tmf-tool */,
			);
			name = Products;
			sourceTree = "<group>";
		};
/* End PBXGroup section */

/* Begin PBXHeadersBuildPhase section */
		7E062CB5150073C800A6505E /* Headers */ = {
			isa = PBXHeadersBuildPhase;
			buildActionMask = 2147483647;
			files = (
				7E062CC0150073F800A6505E /* Reader.h in Headers */,
				7E062CC51500794200A6505E /* Writer.h in Headers */,
				7E062CC91500797000A6505E /* Buffer.h in Headers */,
				7E062CF51504B24C00A6505E /* Parser.h in Headers */,
				7E062D0F1504E30900A6505E /* MemoryBuffer.h in Headers */,
				7ED3FD2C163E8FCB005A61B0 /* Table.h in Headers */,
				7ED3FD30163E905B005A61B0 /* Axes.h in Headers */,
				7ED3FD34163E90C9005A61B0 /* Mesh.h in Headers */,
				7ED3FD38163E91B0005A61B0 /* External.h in Headers */,
				7ED3FD4F163E9EB3005A61B0 /* Alignment.h in Headers */,
			);
			runOnlyForDeploymentPostprocessing = 0;
		};
/* End PBXHeadersBuildPhase section */

/* Begin PBXNativeTarget section */
		7E062CB6150073C800A6505E /* TaggedFormat */ = {
			isa = PBXNativeTarget;
			buildConfigurationList = 7E062CBA150073C800A6505E /* Build configuration list for PBXNativeTarget "TaggedFormat" */;
			buildPhases = (
				7E062CB3150073C800A6505E /* Sources */,
				7E062CB4150073C800A6505E /* Frameworks */,
				7E062CB5150073C800A6505E /* Headers */,
			);
			buildRules = (
			);
			dependencies = (
			);
			name = TaggedFormat;
			productName = TaggedModelFormat;
			productReference = 7E062CB7150073C800A6505E /* libTaggedFormat.dylib */;
			productType = "com.apple.product-type.library.dynamic";
		};
		7E062CCD1500806700A6505E /* tf-convert */ = {
			isa = PBXNativeTarget;
			buildConfigurationList = 7E062CD51500806700A6505E /* Build configuration list for PBXNativeTarget "tf-convert" */;
			buildPhases = (
				7E062CCA1500806700A6505E /* Sources */,
				7E062CCB1500806700A6505E /* Frameworks */,
			);
			buildRules = (
			);
			dependencies = (
			);
			name = "tf-convert";
			productName = "tmf-tool";
			productReference = 7E062CCE1500806700A6505E /* tmf-tool */;
			productType = "com.apple.product-type.tool";
		};
/* End PBXNativeTarget section */

/* Begin PBXProject section */
		7E9816201500735800F4C17E /* Project object */ = {
			isa = PBXProject;
			attributes = {
				LastUpgradeCheck = 0430;
				ORGANIZATIONNAME = "Orion Transfer Ltd";
			};
			buildConfigurationList = 7E9816231500735800F4C17E /* Build configuration list for PBXProject "TaggedFormat" */;
			compatibilityVersion = "Xcode 3.2";
			developmentRegion = English;
			hasScannedForEncodings = 0;
			knownRegions = (
				en,
			);
			mainGroup = 7E98161E1500735800F4C17E;
			productRefGroup = 7E98162A1500735800F4C17E /* Products */;
			projectDirPath = "";
			projectRoot = "";
			targets = (
				7E062CB6150073C800A6505E /* TaggedFormat */,
				7E062CCD1500806700A6505E /* tf-convert */,
			);
		};
/* End PBXProject section */

/* Begin PBXSourcesBuildPhase section */
		7E062CB3150073C800A6505E /* Sources */ = {
			isa = PBXSourcesBuildPhase;
			buildActionMask = 2147483647;
			files = (
				7E062CBF150073F800A6505E /* Reader.cpp in Sources */,
				7E062CC41500794200A6505E /* Writer.cpp in Sources */,
				7E062CDB1500CAAF00A6505E /* Block.cpp in Sources */,
				7E062CF41504B24C00A6505E /* Parser.cpp in Sources */,
				7E062D0E1504E30900A6505E /* MemoryBuffer.cpp in Sources */,
				7ED3FD2B163E8FCB005A61B0 /* Table.cpp in Sources */,
				7ED3FD2F163E905B005A61B0 /* Axes.cpp in Sources */,
				7ED3FD33163E90C9005A61B0 /* Mesh.cpp in Sources */,
				7ED3FD37163E91B0005A61B0 /* External.cpp in Sources */,
			);
			runOnlyForDeploymentPostprocessing = 0;
		};
		7E062CCA1500806700A6505E /* Sources */ = {
			isa = PBXSourcesBuildPhase;
			buildActionMask = 2147483647;
			files = (
				7E062CD21500806700A6505E /* tf-convert.cpp in Sources */,
				7ED3FD3D163E9C83005A61B0 /* Block.cpp in Sources */,
				7ED3FD3E163E9C83005A61B0 /* External.cpp in Sources */,
				7ED3FD3F163E9C83005A61B0 /* Table.cpp in Sources */,
				7ED3FD40163E9C83005A61B0 /* Axes.cpp in Sources */,
				7ED3FD41163E9C83005A61B0 /* Mesh.cpp in Sources */,
				7ED3FD42163E9C83005A61B0 /* Reader.cpp in Sources */,
				7ED3FD43163E9C83005A61B0 /* Writer.cpp in Sources */,
				7ED3FD44163E9C83005A61B0 /* MemoryBuffer.cpp in Sources */,
				7ED3FD45163E9C83005A61B0 /* Parser.cpp in Sources */,
			);
			runOnlyForDeploymentPostprocessing = 0;
		};
/* End PBXSourcesBuildPhase section */

/* Begin XCBuildConfiguration section */
		7E062CB8150073C800A6505E /* Debug */ = {
			isa = XCBuildConfiguration;
			buildSettings = {
				ARCHS = "$(ARCHS_STANDARD_32_64_BIT)";
				CLANG_CXX_LANGUAGE_STANDARD = "c++0x";
				CLANG_CXX_LIBRARY = "libc++";
				EXECUTABLE_PREFIX = lib;
				PRODUCT_NAME = "$(TARGET_NAME)";
			};
			name = Debug;
		};
		7E062CB9150073C800A6505E /* Release */ = {
			isa = XCBuildConfiguration;
			buildSettings = {
				ARCHS = "$(ARCHS_STANDARD_32_64_BIT)";
				CLANG_CXX_LANGUAGE_STANDARD = "c++0x";
				CLANG_CXX_LIBRARY = "libc++";
				EXECUTABLE_PREFIX = lib;
				PRODUCT_NAME = "$(TARGET_NAME)";
			};
			name = Release;
		};
		7E062CD61500806700A6505E /* Debug */ = {
			isa = XCBuildConfiguration;
			buildSettings = {
				CLANG_CXX_LANGUAGE_STANDARD = "c++0x";
				CLANG_CXX_LIBRARY = "libc++";
				PRODUCT_NAME = "$(TARGET_NAME)";
			};
			name = Debug;
		};
		7E062CD71500806700A6505E /* Release */ = {
			isa = XCBuildConfiguration;
			buildSettings = {
				CLANG_CXX_LANGUAGE_STANDARD = "c++0x";
				CLANG_CXX_LIBRARY = "libc++";
				PRODUCT_NAME = "$(TARGET_NAME)";
			};
			name = Release;
		};
		7E98162B1500735800F4C17E /* Debug */ = {
			isa = XCBuildConfiguration;
			buildSettings = {
				ALWAYS_SEARCH_USER_PATHS = NO;
				ARCHS = "$(ARCHS_STANDARD_64_BIT)";
				COPY_PHASE_STRIP = NO;
				GCC_C_LANGUAGE_STANDARD = gnu99;
				GCC_DYNAMIC_NO_PIC = NO;
				GCC_ENABLE_OBJC_EXCEPTIONS = YES;
				GCC_OPTIMIZATION_LEVEL = 0;
				GCC_PREPROCESSOR_DEFINITIONS = (
					"DEBUG=1",
					"$(inherited)",
				);
				GCC_SYMBOLS_PRIVATE_EXTERN = NO;
				GCC_VERSION = com.apple.compilers.llvm.clang.1_0;
				GCC_WARN_64_TO_32_BIT_CONVERSION = YES;
				GCC_WARN_ABOUT_RETURN_TYPE = YES;
				GCC_WARN_UNINITIALIZED_AUTOS = YES;
				GCC_WARN_UNUSED_VARIABLE = YES;
				MACOSX_DEPLOYMENT_TARGET = 10.7;
				ONLY_ACTIVE_ARCH = YES;
				SDKROOT = macosx;
			};
			name = Debug;
		};
		7E98162C1500735800F4C17E /* Release */ = {
			isa = XCBuildConfiguration;
			buildSettings = {
				ALWAYS_SEARCH_USER_PATHS = NO;
				ARCHS = "$(ARCHS_STANDARD_64_BIT)";
				COPY_PHASE_STRIP = YES;
				DEBUG_INFORMATION_FORMAT = "dwarf-with-dsym";
				GCC_C_LANGUAGE_STANDARD = gnu99;
				GCC_ENABLE_OBJC_EXCEPTIONS = YES;
				GCC_VERSION = com.apple.compilers.llvm.clang.1_0;
				GCC_WARN_64_TO_32_BIT_CONVERSION = YES;
				GCC_WARN_ABOUT_RETURN_TYPE = YES;
				GCC_WARN_UNINITIALIZED_AUTOS = YES;
				GCC_WARN_UNUSED_VARIABLE = YES;
				MACOSX_DEPLOYMENT_TARGET = 10.7;
				SDKROOT = macosx;
			};
			name = Release;
		};
/* End XCBuildConfiguration section */

/* Begin XCConfigurationList section */
		7E062CBA150073C800A6505E /* Build configuration list for PBXNativeTarget "TaggedFormat" */ = {
			isa = XCConfigurationList;
			buildConfigurations = (
				7E062CB8150073C800A6505E /* Debug */,
				7E062CB9150073C800A6505E /* Release */,
			);
			defaultConfigurationIsVisible = 0;
			defaultConfigurationName = Release;
		};
		7E062CD51500806700A6505E /* Build configuration list for PBXNativeTarget "tf-convert" */ = {
			isa = XCConfigurationList;
			buildConfigurations = (
				7E062CD61500806700A6505E /* Debug */,
				7E062CD71500806700A6505E /* Release */,
			);
			defaultConfigurationIsVisible = 0;
			defaultConfigurationName = Release;
		};
		7E9816231500735800F4C17E /* Build configuration list for PBXProject "TaggedFormat" */ = {
			isa = XCConfigurationList;
			buildConfigurations = (
				7E98162B1500735800F4C17E /* Debug */,
				7E98162C1500735800F4C17E /* Release */,
			);
			defaultConfigurationIsVisible = 0;
			defaultConfigurationName = Release;
		};
/* End XCConfigurationList section */
	};
	rootObject = 7E9816201500735800F4C17E /* Project object */;
}
